
Microsoft Visual Studio Solution File, Format Version 12.00
# Visual Studio Version 16
VisualStudioVersion = 16.0.32630.194
MinimumVisualStudioVersion = 10.0.40219.1
Project("{FAE04EC0-301F-11D3-BF4B-00C04F79EFBC}") = "API", "API\API.csproj", "{D303AF0C-D780-4BF9-B415-5D1F2BEEFE06}"
EndProject
Global
	GlobalSection(SolutionConfigurationPlatforms) = preSolution
		Debug|Any CPU = Debug|Any CPU
		Release|Any CPU = Release|Any CPU
	EndGlobalSection
	GlobalSection(ProjectConfigurationPlatforms) = postSolution
		{D303AF0C-D780-4BF9-B415-5D1F2BEEFE06}.Debug|Any CPU.ActiveCfg = Debug|Any CPU
		{D303AF0C-D780-4BF9-B415-5D1F2BEEFE06}.Debug|Any CPU.Build.0 = Debug|Any CPU
		{D303AF0C-D780-4BF9-B415-5D1F2BEEFE06}.Release|Any CPU.ActiveCfg = Release|Any CPU
		{D303AF0C-D780-4BF9-B415-5D1F2BEEFE06}.Release|Any CPU.Build.0 = Release|Any CPU
	EndGlobalSection
	GlobalSection(SolutionProperties) = preSolution
		HideSolutionNode = FALSE
	EndGlobalSection
	GlobalSection(ExtensibilityGlobals) = postSolution
		SolutionGuid = {6CB46E84-D5EA-4F4A-974A-CA3AFF0E4CA7}
	EndGlobalSection
EndGlobal
